{
    "_readme": [
        "This file locks the dependencies of your project to a known state",
        "Read more about it at https://getcomposer.org/doc/01-basic-usage.md#installing-dependencies",
        "This file is @generated automatically"
    ],
    "content-hash": "cd9e59eb090de72e40e7c1cab9b2657e",
    "packages": [
        {
            "name": "develhopper/denver",
            "version": "1.2.1",
            "source": {
                "type": "git",
                "url": "https://github.com/develhopper/Denver.git",
                "reference": "2c4f551e613fa9afa1f752f38b6590a6a76bca6a"
            },
            "dist": {
                "type": "zip",
                "url": "https://api.github.com/repos/develhopper/Denver/zipball/2c4f551e613fa9afa1f752f38b6590a6a76bca6a",
                "reference": "2c4f551e613fa9afa1f752f38b6590a6a76bca6a",
                "shasum": ""
            },
            "type": "library",
            "autoload": {
                "psr-4": {
                    "Denver\\": "src/"
                }
            },
            "notification-url": "https://packagist.org/downloads/",
            "license": [
                "GPL-3.0-only"
            ],
            "authors": [
                {
                    "name": "develhopper",
                    "email": "alireza.tjd77@gmail.com"
                }
            ],
            "description": "Simple php dotEnv manager (DENVER)",
            "support": {
                "issues": "https://github.com/develhopper/Denver/issues",
                "source": "https://github.com/develhopper/Denver/tree/1.2.1"
            },
            "time": "2021-12-08T14:11:47+00:00"
        },
        {
            "name": "develhopper/primal",
            "version": "1.4.5",
            "source": {
                "type": "git",
                "url": "https://github.com/develhopper/Primal.git",
                "reference": "f9c1be1ac050d806242e72e2a5bc517f61a8536d"
            },
            "dist": {
                "type": "zip",
                "url": "https://api.github.com/repos/develhopper/Primal/zipball/f9c1be1ac050d806242e72e2a5bc517f61a8536d",
                "reference": "f9c1be1ac050d806242e72e2a5bc517f61a8536d",
                "shasum": ""
            },
            "type": "library",
            "autoload": {
                "psr-4": {
                    "Primal\\": "src/"
                }
            },
            "notification-url": "https://packagist.org/downloads/",
            "license": [
                "GPL-3.0-only"
            ],
            "authors": [
                {
                    "name": "develhopper",
                    "email": "alireza.tjd77@gmail.com"
                }
            ],
            "description": "free and open source php templating system",
            "support": {
                "issues": "https://github.com/develhopper/Primal/issues",
                "source": "https://github.com/develhopper/Primal/tree/1.4.5"
            },
            "time": "2021-12-10T10:22:56+00:00"
        },
        {
            "name": "develhopper/qbuilder",
            "version": "2.4.3",
            "source": {
                "type": "git",
                "url": "https://github.com/develhopper/Qbuilder.git",
                "reference": "078becc6387e06d2f5dd89e2426ef1d834c108ea"
            },
            "dist": {
                "type": "zip",
                "url": "https://api.github.com/repos/develhopper/Qbuilder/zipball/078becc6387e06d2f5dd89e2426ef1d834c108ea",
                "reference": "078becc6387e06d2f5dd89e2426ef1d834c108ea",
                "shasum": ""
            },
            "require": {
                "develhopper/denver": "^1.1"
            },
            "require-dev": {
                "phpunit/phpunit": "^9.3"
            },
            "type": "library",
            "autoload": {
                "psr-0": {
                    "QB": "src/"
                }
            },
            "notification-url": "https://packagist.org/downloads/",
            "license": [
                "GPL-3.0-only"
            ],
            "authors": [
                {
                    "name": "develhoper",
                    "email": "develhoper.0@gmail.com"
                }
            ],
            "description": "Yet another php query builder library",
            "support": {
                "issues": "https://github.com/develhopper/Qbuilder/issues",
                "source": "https://github.com/develhopper/Qbuilder/tree/2.4.3"
            },
            "time": "2021-12-10T08:56:31+00:00"
        },
        {
            "name": "develhopper/validator",
            "version": "1.0.3",
            "source": {
                "type": "git",
                "url": "https://github.com/develhopper/young-validator.git",
                "reference": "b8a7d5c18e2d72459b96c84dadfa4ea26bfa06c5"
            },
            "dist": {
                "type": "zip",
                "url": "https://api.github.com/repos/develhopper/young-validator/zipball/b8a7d5c18e2d72459b96c84dadfa4ea26bfa06c5",
                "reference": "b8a7d5c18e2d72459b96c84dadfa4ea26bfa06c5",
                "shasum": ""
            },
            "type": "library",
            "autoload": {
                "psr-4": {
                    "Young\\Modules\\Validation\\": "src/"
                }
            },
            "notification-url": "https://packagist.org/downloads/",
            "license": [
                "GPL-3.0-only"
            ],
            "authors": [
                {
                    "name": "develhopper",
                    "email": "alireza.tjd77@gmail.com"
                }
            ],
            "description": "PHP input validator",
            "support": {
                "issues": "https://github.com/develhopper/young-validator/issues",
                "source": "https://github.com/develhopper/young-validator/tree/1.0.3"
            },
            "time": "2021-12-09T13:47:12+00:00"
        }
    ],
    "packages-dev": [],
    "aliases": [],
    "minimum-stability": "stable",
    "stability-flags": [],
    "prefer-stable": false,
    "prefer-lowest": false,
    "platform": [],
    "platform-dev": [],
    "plugin-api-version": "2.1.0"
}
